# THIS IS AN AUTOGENERATED FILE. DO NOT EDIT THIS FILE DIRECTLY.
# yarn lockfile v1


"phoenix-error@git+https://github.com/cyanideio/error":
  version "0.0.1"
  resolved "git+https://github.com/cyanideio/error#c8e323f2b699d7fd2bbc918a96b6bea4a182f073"

"tool-error@https://sensitiveMix@bitbucket.org/teambition/error.git":
  version "1.0.0"
  resolved "https://sensitiveMix@bitbucket.org/teambition/error.git#87f19d0f3d47989d838059f2a517bbbe98bb5eee"

"tool-policy@https://sensitiveMix@bitbucket.org/teambition/policy.git":
  version "1.0.0"
  resolved "https://sensitiveMix@bitbucket.org/teambition/policy.git#486e761b45a864bcf12431f3567644962749eeb6"
  dependencies:
    phoenix-error "git+https://github.com/cyanideio/error"
    tool-error "https://sensitiveMix@bitbucket.org/teambition/error.git"
